// !$*UTF8*$!
{
	archiveVersion = 1;
	classes = {
	};
	objectVersion = 46;
	objects = {

/* Begin PBXBuildFile section */
		BBA4B61E1998D9280092431F /* SpaceshipNode.swift in Sources */ = {isa = PBXBuildFile; fileRef = BBA4B61D1998D9280092431F /* SpaceshipNode.swift */; };
		BBA4B6201998D9900092431F /* CustomSpriteNode.swift in Sources */ = {isa = PBXBuildFile; fileRef = BBA4B61F1998D9900092431F /* CustomSpriteNode.swift */; };
		BBA4B6221998DA480092431F /* NonSpriteKitExamples.swift in Sources */ = {isa = PBXBuildFile; fileRef = BBA4B6211998DA480092431F /* NonSpriteKitExamples.swift */; };
		BBA4B6241998DA770092431F /* CustomNodeWithInitializer.swift in Sources */ = {isa = PBXBuildFile; fileRef = BBA4B6231998DA770092431F /* CustomNodeWithInitializer.swift */; };
		BBA4B62619992F500092431F /* SpaceshipIdeal.swift in Sources */ = {isa = PBXBuildFile; fileRef = BBA4B62519992F500092431F /* SpaceshipIdeal.swift */; };
		BBB0C750199FBAD900086B05 /* AlmostIdeal.swift in Sources */ = {isa = PBXBuildFile; fileRef = BBB0C74F199FBAD900086B05 /* AlmostIdeal.swift */; };
		C150740B1996303A0062A015 /* AppDelegate.swift in Sources */ = {isa = PBXBuildFile; fileRef = C150740A1996303A0062A015 /* AppDelegate.swift */; };
		C150740D1996303B0062A015 /* GameScene.sks in Resources */ = {isa = PBXBuildFile; fileRef = C150740C1996303A0062A015 /* GameScene.sks */; };
		C150740F1996303B0062A015 /* GameScene.swift in Sources */ = {isa = PBXBuildFile; fileRef = C150740E1996303B0062A015 /* GameScene.swift */; };
		C15074111996303B0062A015 /* GameViewController.swift in Sources */ = {isa = PBXBuildFile; fileRef = C15074101996303B0062A015 /* GameViewController.swift */; };
		C15074141996303B0062A015 /* Main.storyboard in Resources */ = {isa = PBXBuildFile; fileRef = C15074121996303B0062A015 /* Main.storyboard */; };
		C15074161996303B0062A015 /* Images.xcassets in Resources */ = {isa = PBXBuildFile; fileRef = C15074151996303B0062A015 /* Images.xcassets */; };
/* End PBXBuildFile section */

/* Begin PBXFileReference section */
		BBA4B61D1998D9280092431F /* SpaceshipNode.swift */ = {isa = PBXFileReference; fileEncoding = 4; lastKnownFileType = sourcecode.swift; path = SpaceshipNode.swift; sourceTree = "<group>"; };
		BBA4B61F1998D9900092431F /* CustomSpriteNode.swift */ = {isa = PBXFileReference; fileEncoding = 4; lastKnownFileType = sourcecode.swift; path = CustomSpriteNode.swift; sourceTree = "<group>"; };
		BBA4B6211998DA480092431F /* NonSpriteKitExamples.swift */ = {isa = PBXFileReference; fileEncoding = 4; lastKnownFileType = sourcecode.swift; path = NonSpriteKitExamples.swift; sourceTree = "<group>"; };
		BBA4B6231998DA770092431F /* CustomNodeWithInitializer.swift */ = {isa = PBXFileReference; fileEncoding = 4; lastKnownFileType = sourcecode.swift; path = CustomNodeWithInitializer.swift; sourceTree = "<group>"; };
		BBA4B62519992F500092431F /* SpaceshipIdeal.swift */ = {isa = PBXFileReference; fileEncoding = 4; lastKnownFileType = sourcecode.swift; path = SpaceshipIdeal.swift; sourceTree = "<group>"; };
		BBB0C74F199FBAD900086B05 /* AlmostIdeal.swift */ = {isa = PBXFileReference; fileEncoding = 4; lastKnownFileType = sourcecode.swift; path = AlmostIdeal.swift; sourceTree = "<group>"; };
		C15074061996303A0062A015 /* HowToSubClassSKSpriteNode.app */ = {isa = PBXFileReference; explicitFileType = wrapper.application; includeInIndex = 0; path = HowToSubClassSKSpriteNode.app; sourceTree = BUILT_PRODUCTS_DIR; };
		C15074091996303A0062A015 /* Info.plist */ = {isa = PBXFileReference; lastKnownFileType = text.plist.xml; path = Info.plist; sourceTree = "<group>"; };
		C150740A1996303A0062A015 /* AppDelegate.swift */ = {isa = PBXFileReference; lastKnownFileType = sourcecode.swift; path = AppDelegate.swift; sourceTree = "<group>"; };
		C150740C1996303A0062A015 /* GameScene.sks */ = {isa = PBXFileReference; lastKnownFileType = file.sks; path = GameScene.sks; sourceTree = "<group>"; };
		C150740E1996303B0062A015 /* GameScene.swift */ = {isa = PBXFileReference; lastKnownFileType = sourcecode.swift; path = GameScene.swift; sourceTree = "<group>"; };
		C15074101996303B0062A015 /* GameViewController.swift */ = {isa = PBXFileReference; lastKnownFileType = sourcecode.swift; path = GameViewController.swift; sourceTree = "<group>"; };
		C15074131996303B0062A015 /* Base */ = {isa = PBXFileReference; lastKnownFileType = file.storyboard; name = Base; path = Base.lproj/Main.storyboard; sourceTree = "<group>"; };
		C15074151996303B0062A015 /* Images.xcassets */ = {isa = PBXFileReference; lastKnownFileType = folder.assetcatalog; path = Images.xcassets; sourceTree = "<group>"; };
/* End PBXFileReference section */

/* Begin PBXFrameworksBuildPhase section */
		C15074031996303A0062A015 /* Frameworks */ = {
			isa = PBXFrameworksBuildPhase;
			buildActionMask = 2147483647;
			files = (
			);
			runOnlyForDeploymentPostprocessing = 0;
		};
/* End PBXFrameworksBuildPhase section */

/* Begin PBXGroup section */
		C15074071996303A0062A015 /* HowToSubClassSKSpriteNode */ = {
			isa = PBXGroup;
			children = (
				C150740A1996303A0062A015 /* AppDelegate.swift */,
				C150740C1996303A0062A015 /* GameScene.sks */,
				C150740E1996303B0062A015 /* GameScene.swift */,
				BBA4B62519992F500092431F /* SpaceshipIdeal.swift */,
				C15074101996303B0062A015 /* GameViewController.swift */,
				C15074121996303B0062A015 /* Main.storyboard */,
				C15074151996303B0062A015 /* Images.xcassets */,
				C15074081996303A0062A015 /* Supporting Files */,
				BBA4B61D1998D9280092431F /* SpaceshipNode.swift */,
				BBA4B6231998DA770092431F /* CustomNodeWithInitializer.swift */,
				BBB0C74F199FBAD900086B05 /* AlmostIdeal.swift */,
				BBA4B61F1998D9900092431F /* CustomSpriteNode.swift */,
				BBA4B6211998DA480092431F /* NonSpriteKitExamples.swift */,
			);
			path = HowToSubClassSKSpriteNode;
			sourceTree = "<group>";
		};
		C15074081996303A0062A015 /* Supporting Files */ = {
			isa = PBXGroup;
			children = (
				C15074091996303A0062A015 /* Info.plist */,
			);
			name = "Supporting Files";
			sourceTree = "<group>";
		};
		C1D841871978624300F95B6B = {
			isa = PBXGroup;
			children = (
				C15074071996303A0062A015 /* HowToSubClassSKSpriteNode */,
				C1D841911978624300F95B6B /* Products */,
			);
			sourceTree = "<group>";
		};
		C1D841911978624300F95B6B /* Products */ = {
			isa = PBXGroup;
			children = (
				C15074061996303A0062A015 /* HowToSubClassSKSpriteNode.app */,
			);
			name = Products;
			sourceTree = "<group>";
		};
/* End PBXGroup section */

/* Begin PBXNativeTarget section */
		C15074051996303A0062A015 /* HowToSubClassSKSpriteNode */ = {
			isa = PBXNativeTarget;
			buildConfigurationList = C15074271996303B0062A015 /* Build configuration list for PBXNativeTarget "HowToSubClassSKSpriteNode" */;
			buildPhases = (
				C15074021996303A0062A015 /* Sources */,
				C15074031996303A0062A015 /* Frameworks */,
				C15074041996303A0062A015 /* Resources */,
			);
			buildRules = (
			);
			dependencies = (
			);
			name = HowToSubClassSKSpriteNode;
			productName = HowToSubClassSKSpriteNode;
			productReference = C15074061996303A0062A015 /* HowToSubClassSKSpriteNode.app */;
			productType = "com.apple.product-type.application";
		};
/* End PBXNativeTarget section */

/* Begin PBXProject section */
		C1D841881978624300F95B6B /* Project object */ = {
			isa = PBXProject;
			attributes = {
				LastUpgradeCheck = 0510;
				ORGANIZATIONNAME = foobarber;
				TargetAttributes = {
					C15074051996303A0062A015 = {
						CreatedOnToolsVersion = 6.0;
					};
				};
			};
			buildConfigurationList = C1D8418B1978624300F95B6B /* Build configuration list for PBXProject "Misc" */;
			compatibilityVersion = "Xcode 3.2";
			developmentRegion = English;
			hasScannedForEncodings = 0;
			knownRegions = (
				en,
				Base,
			);
			mainGroup = C1D841871978624300F95B6B;
			productRefGroup = C1D841911978624300F95B6B /* Products */;
			projectDirPath = "";
			projectRoot = "";
			targets = (
				C15074051996303A0062A015 /* HowToSubClassSKSpriteNode */,
			);
		};
/* End PBXProject section */

/* Begin PBXResourcesBuildPhase section */
		C15074041996303A0062A015 /* Resources */ = {
			isa = PBXResourcesBuildPhase;
			buildActionMask = 2147483647;
			files = (
				C15074161996303B0062A015 /* Images.xcassets in Resources */,
				C150740D1996303B0062A015 /* GameScene.sks in Resources */,
				C15074141996303B0062A015 /* Main.storyboard in Resources */,
			);
			runOnlyForDeploymentPostprocessing = 0;
		};
/* End PBXResourcesBuildPhase section */

/* Begin PBXSourcesBuildPhase section */
		C15074021996303A0062A015 /* Sources */ = {
			isa = PBXSourcesBuildPhase;
			buildActionMask = 2147483647;
			files = (
				BBA4B6221998DA480092431F /* NonSpriteKitExamples.swift in Sources */,
				BBB0C750199FBAD900086B05 /* AlmostIdeal.swift in Sources */,
				C150740F1996303B0062A015 /* GameScene.swift in Sources */,
				BBA4B6241998DA770092431F /* CustomNodeWithInitializer.swift in Sources */,
				BBA4B62619992F500092431F /* SpaceshipIdeal.swift in Sources */,
				BBA4B61E1998D9280092431F /* SpaceshipNode.swift in Sources */,
				BBA4B6201998D9900092431F /* CustomSpriteNode.swift in Sources */,
				C15074111996303B0062A015 /* GameViewController.swift in Sources */,
				C150740B1996303A0062A015 /* AppDelegate.swift in Sources */,
			);
			runOnlyForDeploymentPostprocessing = 0;
		};
/* End PBXSourcesBuildPhase section */

/* Begin PBXVariantGroup section */
		C15074121996303B0062A015 /* Main.storyboard */ = {
			isa = PBXVariantGroup;
			children = (
				C15074131996303B0062A015 /* Base */,
			);
			name = Main.storyboard;
			sourceTree = "<group>";
		};
/* End PBXVariantGroup section */

/* Begin XCBuildConfiguration section */
		C15074231996303B0062A015 /* Debug */ = {
			isa = XCBuildConfiguration;
			buildSettings = {
				ASSETCATALOG_COMPILER_APPICON_NAME = AppIcon;
				ASSETCATALOG_COMPILER_LAUNCHIMAGE_NAME = LaunchImage;
				CLANG_ENABLE_MODULES = YES;
				CLANG_WARN_UNREACHABLE_CODE = YES;
				"CODE_SIGN_IDENTITY[sdk=iphoneos*]" = "iPhone Developer";
				ENABLE_STRICT_OBJC_MSGSEND = YES;
				GCC_PREPROCESSOR_DEFINITIONS = (
					"DEBUG=1",
					"$(inherited)",
				);
				INFOPLIST_FILE = HowToSubClassSKSpriteNode/Info.plist;
				IPHONEOS_DEPLOYMENT_TARGET = 8.0;
				LD_RUNPATH_SEARCH_PATHS = "$(inherited) @executable_path/Frameworks";
				MTL_ENABLE_DEBUG_INFO = YES;
				PRODUCT_NAME = "$(TARGET_NAME)";
				SDKROOT = iphoneos;
				SWIFT_INSTALL_OBJC_HEADER = NO;
				SWIFT_OBJC_BRIDGING_HEADER = "";
				SWIFT_OPTIMIZATION_LEVEL = "-Onone";
			};
			name = Debug;
		};
		C15074241996303B0062A015 /* Release */ = {
			isa = XCBuildConfiguration;
			buildSettings = {
				ASSETCATALOG_COMPILER_APPICON_NAME = AppIcon;
				ASSETCATALOG_COMPILER_LAUNCHIMAGE_NAME = LaunchImage;
				CLANG_ENABLE_MODULES = YES;
				CLANG_WARN_UNREACHABLE_CODE = YES;
				"CODE_SIGN_IDENTITY[sdk=iphoneos*]" = "iPhone Developer";
				ENABLE_STRICT_OBJC_MSGSEND = YES;
				INFOPLIST_FILE = HowToSubClassSKSpriteNode/Info.plist;
				IPHONEOS_DEPLOYMENT_TARGET = 8.0;
				LD_RUNPATH_SEARCH_PATHS = "$(inherited) @executable_path/Frameworks";
				MTL_ENABLE_DEBUG_INFO = NO;
				PRODUCT_NAME = "$(TARGET_NAME)";
				SDKROOT = iphoneos;
				SWIFT_INSTALL_OBJC_HEADER = NO;
				SWIFT_OBJC_BRIDGING_HEADER = "";
				VALIDATE_PRODUCT = YES;
			};
			name = Release;
		};
		C1D841971978624300F95B6B /* Debug */ = {
			isa = XCBuildConfiguration;
			buildSettings = {
				ALWAYS_SEARCH_USER_PATHS = NO;
				CLANG_CXX_LANGUAGE_STANDARD = "gnu++0x";
				CLANG_CXX_LIBRARY = "libc++";
				CLANG_ENABLE_MODULES = YES;
				CLANG_ENABLE_OBJC_ARC = YES;
				CLANG_WARN_BOOL_CONVERSION = YES;
				CLANG_WARN_CONSTANT_CONVERSION = YES;
				CLANG_WARN_DIRECT_OBJC_ISA_USAGE = YES_ERROR;
				CLANG_WARN_EMPTY_BODY = YES;
				CLANG_WARN_ENUM_CONVERSION = YES;
				CLANG_WARN_INT_CONVERSION = YES;
				CLANG_WARN_OBJC_ROOT_CLASS = YES_ERROR;
				CLANG_WARN__DUPLICATE_METHOD_MATCH = YES;
				COPY_PHASE_STRIP = NO;
				GCC_C_LANGUAGE_STANDARD = gnu99;
				GCC_DYNAMIC_NO_PIC = NO;
				GCC_ENABLE_OBJC_EXCEPTIONS = YES;
				GCC_OPTIMIZATION_LEVEL = 0;
				GCC_PREPROCESSOR_DEFINITIONS = (
					"DEBUG=1",
					"$(inherited)",
				);
				GCC_SYMBOLS_PRIVATE_EXTERN = NO;
				GCC_WARN_64_TO_32_BIT_CONVERSION = YES;
				GCC_WARN_ABOUT_RETURN_TYPE = YES_ERROR;
				GCC_WARN_UNDECLARED_SELECTOR = YES;
				GCC_WARN_UNINITIALIZED_AUTOS = YES_AGGRESSIVE;
				GCC_WARN_UNUSED_FUNCTION = YES;
				GCC_WARN_UNUSED_VARIABLE = YES;
				MACOSX_DEPLOYMENT_TARGET = 10.9;
				ONLY_ACTIVE_ARCH = YES;
				SDKROOT = macosx;
			};
			name = Debug;
		};
		C1D841981978624300F95B6B /* Release */ = {
			isa = XCBuildConfiguration;
			buildSettings = {
				ALWAYS_SEARCH_USER_PATHS = NO;
				CLANG_CXX_LANGUAGE_STANDARD = "gnu++0x";
				CLANG_CXX_LIBRARY = "libc++";
				CLANG_ENABLE_MODULES = YES;
				CLANG_ENABLE_OBJC_ARC = YES;
				CLANG_WARN_BOOL_CONVERSION = YES;
				CLANG_WARN_CONSTANT_CONVERSION = YES;
				CLANG_WARN_DIRECT_OBJC_ISA_USAGE = YES_ERROR;
				CLANG_WARN_EMPTY_BODY = YES;
				CLANG_WARN_ENUM_CONVERSION = YES;
				CLANG_WARN_INT_CONVERSION = YES;
				CLANG_WARN_OBJC_ROOT_CLASS = YES_ERROR;
				CLANG_WARN__DUPLICATE_METHOD_MATCH = YES;
				COPY_PHASE_STRIP = YES;
				DEBUG_INFORMATION_FORMAT = "dwarf-with-dsym";
				ENABLE_NS_ASSERTIONS = NO;
				GCC_C_LANGUAGE_STANDARD = gnu99;
				GCC_ENABLE_OBJC_EXCEPTIONS = YES;
				GCC_WARN_64_TO_32_BIT_CONVERSION = YES;
				GCC_WARN_ABOUT_RETURN_TYPE = YES_ERROR;
				GCC_WARN_UNDECLARED_SELECTOR = YES;
				GCC_WARN_UNINITIALIZED_AUTOS = YES_AGGRESSIVE;
				GCC_WARN_UNUSED_FUNCTION = YES;
				GCC_WARN_UNUSED_VARIABLE = YES;
				MACOSX_DEPLOYMENT_TARGET = 10.9;
				SDKROOT = macosx;
			};
			name = Release;
		};
/* End XCBuildConfiguration section */

/* Begin XCConfigurationList section */
		C15074271996303B0062A015 /* Build configuration list for PBXNativeTarget "HowToSubClassSKSpriteNode" */ = {
			isa = XCConfigurationList;
			buildConfigurations = (
				C15074231996303B0062A015 /* Debug */,
				C15074241996303B0062A015 /* Release */,
			);
			defaultConfigurationIsVisible = 0;
			defaultConfigurationName = Release;
		};
		C1D8418B1978624300F95B6B /* Build configuration list for PBXProject "Misc" */ = {
			isa = XCConfigurationList;
			buildConfigurations = (
				C1D841971978624300F95B6B /* Debug */,
				C1D841981978624300F95B6B /* Release */,
			);
			defaultConfigurationIsVisible = 0;
			defaultConfigurationName = Release;
		};
/* End XCConfigurationList section */
	};
	rootObject = C1D841881978624300F95B6B /* Project object */;
}
